
Microsoft Visual Studio Solution File, Format Version 12.00
# Visual Studio Version 17
VisualStudioVersion = 17.8.34309.116
MinimumVisualStudioVersion = 10.0.40219.1
Project("{9A19103F-16F7-4668-BE54-9A1E7A4F7556}") = "UnifiedIconLibrary", "UnifiedIconLibrary.csproj", "{2DE4431F-A667-47BB-853A-FCED9C50C177}"
EndProject
Global
	GlobalSection(SolutionConfigurationPlatforms) = preSolution
		Steam|Any CPU = Steam|Any CPU
	EndGlobalSection
	GlobalSection(ProjectConfigurationPlatforms) = postSolution
		{2DE4431F-A667-47BB-853A-FCED9C50C177}.Steam|Any CPU.ActiveCfg = Steam|Any CPU
		{2DE4431F-A667-47BB-853A-FCED9C50C177}.Steam|Any CPU.Build.0 = Steam|Any CPU
	EndGlobalSection
	GlobalSection(SolutionProperties) = preSolution
		HideSolutionNode = FALSE
	EndGlobalSection
	GlobalSection(ExtensibilityGlobals) = postSolution
		SolutionGuid = {94062291-C24B-43E9-B0A3-82BB3CF0882D}
	EndGlobalSection
EndGlobal
